
Microsoft Visual Studio Solution File, Format Version 12.00
# Visual Studio 15
Project("{FAE04EC0-301F-11D3-BF4B-00C04F79EFBC}") = "XamExpertsDay.Android", "XamExpertsDay.Android\XamExpertsDay.Android.csproj", "{7DC9459C-23D9-443D-8A5F-895C6D0BFC07}"
EndProject
Project("{FAE04EC0-301F-11D3-BF4B-00C04F79EFBC}") = "XamExpertsDay.iOS", "XamExpertsDay.iOS\XamExpertsDay.iOS.csproj", "{0BCDA519-C584-4EC9-B822-3077F7325AFE}"
EndProject
Project("{FAE04EC0-301F-11D3-BF4B-00C04F79EFBC}") = "XamExpertsDay", "XamExpertsDay\XamExpertsDay.csproj", "{081AA335-9063-42E3-A6EE-25522258983B}"
EndProject
Project("{FAE04EC0-301F-11D3-BF4B-00C04F79EFBC}") = "XamExpertsDay.UITests", "XamExpertsDay.UITests\XamExpertsDay.UITests.csproj", "{346EF80F-8E3A-4166-8D70-B264AA0DAB08}"
EndProject
Global
	GlobalSection(SolutionConfigurationPlatforms) = preSolution
		Debug|Any CPU = Debug|Any CPU
		Release|Any CPU = Release|Any CPU
		Debug|iPhoneSimulator = Debug|iPhoneSimulator
		Release|iPhoneSimulator = Release|iPhoneSimulator
		Debug|iPhone = Debug|iPhone
		Release|iPhone = Release|iPhone
	EndGlobalSection
	GlobalSection(ProjectConfigurationPlatforms) = postSolution
		{7DC9459C-23D9-443D-8A5F-895C6D0BFC07}.Debug|Any CPU.ActiveCfg = Debug|Any CPU
		{7DC9459C-23D9-443D-8A5F-895C6D0BFC07}.Debug|Any CPU.Build.0 = Debug|Any CPU
		{7DC9459C-23D9-443D-8A5F-895C6D0BFC07}.Release|Any CPU.ActiveCfg = Release|Any CPU
		{7DC9459C-23D9-443D-8A5F-895C6D0BFC07}.Release|Any CPU.Build.0 = Release|Any CPU
		{7DC9459C-23D9-443D-8A5F-895C6D0BFC07}.Debug|iPhoneSimulator.ActiveCfg = Debug|Any CPU
		{7DC9459C-23D9-443D-8A5F-895C6D0BFC07}.Debug|iPhoneSimulator.Build.0 = Debug|Any CPU
		{7DC9459C-23D9-443D-8A5F-895C6D0BFC07}.Release|iPhoneSimulator.ActiveCfg = Release|Any CPU
		{7DC9459C-23D9-443D-8A5F-895C6D0BFC07}.Release|iPhoneSimulator.Build.0 = Release|Any CPU
		{7DC9459C-23D9-443D-8A5F-895C6D0BFC07}.Debug|iPhone.ActiveCfg = Debug|Any CPU
		{7DC9459C-23D9-443D-8A5F-895C6D0BFC07}.Debug|iPhone.Build.0 = Debug|Any CPU
		{7DC9459C-23D9-443D-8A5F-895C6D0BFC07}.Release|iPhone.ActiveCfg = Release|Any CPU
		{7DC9459C-23D9-443D-8A5F-895C6D0BFC07}.Release|iPhone.Build.0 = Release|Any CPU
		{0BCDA519-C584-4EC9-B822-3077F7325AFE}.Debug|Any CPU.ActiveCfg = Debug|iPhoneSimulator
		{0BCDA519-C584-4EC9-B822-3077F7325AFE}.Debug|Any CPU.Build.0 = Debug|iPhoneSimulator
		{0BCDA519-C584-4EC9-B822-3077F7325AFE}.Release|Any CPU.ActiveCfg = Release|iPhoneSimulator
		{0BCDA519-C584-4EC9-B822-3077F7325AFE}.Release|Any CPU.Build.0 = Release|iPhoneSimulator
		{0BCDA519-C584-4EC9-B822-3077F7325AFE}.Debug|iPhoneSimulator.ActiveCfg = Debug|iPhoneSimulator
		{0BCDA519-C584-4EC9-B822-3077F7325AFE}.Debug|iPhoneSimulator.Build.0 = Debug|iPhoneSimulator
		{0BCDA519-C584-4EC9-B822-3077F7325AFE}.Release|iPhoneSimulator.ActiveCfg = Release|iPhoneSimulator
		{0BCDA519-C584-4EC9-B822-3077F7325AFE}.Release|iPhoneSimulator.Build.0 = Release|iPhoneSimulator
		{0BCDA519-C584-4EC9-B822-3077F7325AFE}.Debug|iPhone.ActiveCfg = Debug|iPhone
		{0BCDA519-C584-4EC9-B822-3077F7325AFE}.Debug|iPhone.Build.0 = Debug|iPhone
		{0BCDA519-C584-4EC9-B822-3077F7325AFE}.Release|iPhone.ActiveCfg = Release|iPhone
		{0BCDA519-C584-4EC9-B822-3077F7325AFE}.Release|iPhone.Build.0 = Release|iPhone
		{081AA335-9063-42E3-A6EE-25522258983B}.Debug|Any CPU.ActiveCfg = Debug|Any CPU
		{081AA335-9063-42E3-A6EE-25522258983B}.Debug|Any CPU.Build.0 = Debug|Any CPU
		{081AA335-9063-42E3-A6EE-25522258983B}.Release|Any CPU.ActiveCfg = Release|Any CPU
		{081AA335-9063-42E3-A6EE-25522258983B}.Release|Any CPU.Build.0 = Release|Any CPU
		{081AA335-9063-42E3-A6EE-25522258983B}.Debug|iPhoneSimulator.ActiveCfg = Debug|Any CPU
		{081AA335-9063-42E3-A6EE-25522258983B}.Debug|iPhoneSimulator.Build.0 = Debug|Any CPU
		{081AA335-9063-42E3-A6EE-25522258983B}.Release|iPhoneSimulator.ActiveCfg = Release|Any CPU
		{081AA335-9063-42E3-A6EE-25522258983B}.Release|iPhoneSimulator.Build.0 = Release|Any CPU
		{081AA335-9063-42E3-A6EE-25522258983B}.Debug|iPhone.ActiveCfg = Debug|Any CPU
		{081AA335-9063-42E3-A6EE-25522258983B}.Debug|iPhone.Build.0 = Debug|Any CPU
		{081AA335-9063-42E3-A6EE-25522258983B}.Release|iPhone.ActiveCfg = Release|Any CPU
		{081AA335-9063-42E3-A6EE-25522258983B}.Release|iPhone.Build.0 = Release|Any CPU
		{346EF80F-8E3A-4166-8D70-B264AA0DAB08}.Debug|Any CPU.ActiveCfg = Debug|Any CPU
		{346EF80F-8E3A-4166-8D70-B264AA0DAB08}.Debug|Any CPU.Build.0 = Debug|Any CPU
		{346EF80F-8E3A-4166-8D70-B264AA0DAB08}.Release|Any CPU.ActiveCfg = Release|Any CPU
		{346EF80F-8E3A-4166-8D70-B264AA0DAB08}.Release|Any CPU.Build.0 = Release|Any CPU
		{346EF80F-8E3A-4166-8D70-B264AA0DAB08}.Debug|iPhoneSimulator.ActiveCfg = Debug|Any CPU
		{346EF80F-8E3A-4166-8D70-B264AA0DAB08}.Debug|iPhoneSimulator.Build.0 = Debug|Any CPU
		{346EF80F-8E3A-4166-8D70-B264AA0DAB08}.Release|iPhoneSimulator.ActiveCfg = Release|Any CPU
		{346EF80F-8E3A-4166-8D70-B264AA0DAB08}.Release|iPhoneSimulator.Build.0 = Release|Any CPU
		{346EF80F-8E3A-4166-8D70-B264AA0DAB08}.Debug|iPhone.ActiveCfg = Debug|Any CPU
		{346EF80F-8E3A-4166-8D70-B264AA0DAB08}.Debug|iPhone.Build.0 = Debug|Any CPU
		{346EF80F-8E3A-4166-8D70-B264AA0DAB08}.Release|iPhone.ActiveCfg = Release|Any CPU
		{346EF80F-8E3A-4166-8D70-B264AA0DAB08}.Release|iPhone.Build.0 = Release|Any CPU
	EndGlobalSection
EndGlobal
